{
  "name": "learn-web-vitals",
  "version": "1.0.0",
  "lockfileVersion": 1,
  "requires": true,
  "dependencies": {
    "web-vitals": {
      "version": "2.1.1",
      "resolved": "https://registry.npmjs.org/web-vitals/-/web-vitals-2.1.1.tgz",
      "integrity": "sha512-6i/cE+7l095Etvjo2kbtVC8OXzLc9D8XMIWBPWAt2CME/7qmIMZWQwVoKDD277poVHNdPcLgW5Jruhbi8+8Vcw=="
    }
  }
}
